
Microsoft Visual Studio Solution File, Format Version 12.00
# Visual Studio Version 16
VisualStudioVersion = 16.0.32602.291
MinimumVisualStudioVersion = 10.0.40219.1
Project("{FAE04EC0-301F-11D3-BF4B-00C04F79EFBC}") = "ConsoleMVC", "ConsoleMVC\ConsoleMVC.csproj", "{4E4C1F0F-12D0-4A61-9BA7-80FCCF86BFBD}"
EndProject
Global
	GlobalSection(SolutionConfigurationPlatforms) = preSolution
		Debug|Any CPU = Debug|Any CPU
		Release|Any CPU = Release|Any CPU
	EndGlobalSection
	GlobalSection(ProjectConfigurationPlatforms) = postSolution
		{4E4C1F0F-12D0-4A61-9BA7-80FCCF86BFBD}.Debug|Any CPU.ActiveCfg = Debug|Any CPU
		{4E4C1F0F-12D0-4A61-9BA7-80FCCF86BFBD}.Debug|Any CPU.Build.0 = Debug|Any CPU
		{4E4C1F0F-12D0-4A61-9BA7-80FCCF86BFBD}.Release|Any CPU.ActiveCfg = Release|Any CPU
		{4E4C1F0F-12D0-4A61-9BA7-80FCCF86BFBD}.Release|Any CPU.Build.0 = Release|Any CPU
	EndGlobalSection
	GlobalSection(SolutionProperties) = preSolution
		HideSolutionNode = FALSE
	EndGlobalSection
	GlobalSection(ExtensibilityGlobals) = postSolution
		SolutionGuid = {82DF1AC0-62F2-44A0-8DBA-24D0C4A738F7}
	EndGlobalSection
EndGlobal
